
Microsoft Visual Studio Solution File, Format Version 12.00
# Visual Studio 2015
Project("{FAE04EC0-301F-11D3-BF4B-00C04F79EFBC}") = "3DSnack_OmarSaeed.CSharp.Plugins", "3DSnack_OmarSaeed.CSharp.Plugins.csproj", "{B56F09DE-1359-D42E-575C-8A0CF96F3C90}"
EndProject
Project("{FAE04EC0-301F-11D3-BF4B-00C04F79EFBC}") = "3DSnack_OmarSaeed.CSharp.Editor.Plugins", "3DSnack_OmarSaeed.CSharp.Editor.Plugins.csproj", "{330A577A-D5ED-FE39-B5B0-10CDBBA5307A}"
EndProject
Global
	GlobalSection(SolutionConfigurationPlatforms) = preSolution
		Debug|Any CPU = Debug|Any CPU
		Release|Any CPU = Release|Any CPU
	EndGlobalSection
	GlobalSection(ProjectConfigurationPlatforms) = postSolution
		{B56F09DE-1359-D42E-575C-8A0CF96F3C90}.Debug|Any CPU.ActiveCfg = Debug|Any CPU
		{B56F09DE-1359-D42E-575C-8A0CF96F3C90}.Debug|Any CPU.Build.0 = Debug|Any CPU
		{B56F09DE-1359-D42E-575C-8A0CF96F3C90}.Release|Any CPU.ActiveCfg = Release|Any CPU
		{B56F09DE-1359-D42E-575C-8A0CF96F3C90}.Release|Any CPU.Build.0 = Release|Any CPU
		{330A577A-D5ED-FE39-B5B0-10CDBBA5307A}.Debug|Any CPU.ActiveCfg = Debug|Any CPU
		{330A577A-D5ED-FE39-B5B0-10CDBBA5307A}.Debug|Any CPU.Build.0 = Debug|Any CPU
		{330A577A-D5ED-FE39-B5B0-10CDBBA5307A}.Release|Any CPU.ActiveCfg = Release|Any CPU
		{330A577A-D5ED-FE39-B5B0-10CDBBA5307A}.Release|Any CPU.Build.0 = Release|Any CPU
	EndGlobalSection
	GlobalSection(SolutionProperties) = preSolution
		HideSolutionNode = FALSE
	EndGlobalSection
EndGlobal
